{
  "name": "fddp-demo-frontend",
  "lockfileVersion": 3,
  "requires": true,
  "packages": {
    "": {
      "name": "fddp-demo-frontend",
      "dependencies": {
        "@fddp/next-sdk": "file:../../../packages/nextjs-sdk"
      },
      "devDependencies": {
        "typescript": "^5.4.0"
      }
    },
    "../../../packages/nextjs-sdk": {
      "name": "@fddp/next-sdk",
      "version": "0.1.0",
      "license": "MIT",
      "bin": {
        "fddp": "dist/cli.js",
        "fddp-codegen": "dist/cli.js"
      },
      "devDependencies": {
        "@types/node": "^25.6.0",
        "@types/react": "^18.3.0",
        "@types/react-dom": "^18.3.0",
        "tsup": "^8.0.0",
        "tsx": "^4.21.0",
        "typescript": "^5.4.0"
      },
      "peerDependencies": {
        "next": ">=14",
        "react": ">=18",
        "react-dom": ">=18"
      }
    },
    "node_modules/@fddp/next-sdk": {
      "resolved": "../../../packages/nextjs-sdk",
      "link": true
    },
    "node_modules/typescript": {
      "version": "5.9.3",
      "resolved": "https://registry.npmjs.org/typescript/-/typescript-5.9.3.tgz",
      "integrity": "sha512-jl1vZzPDinLr9eUt3J/t7V6FgNEw9QjvBPdysz9KfQDD41fQrC2Y4vKQdiaUpFT4bXlb1RHhLpp8wtm6M5TgSw==",
      "dev": true,
      "license": "Apache-2.0",
      "bin": {
        "tsc": "bin/tsc",
        "tsserver": "bin/tsserver"
      },
      "engines": {
        "node": ">=14.17"
      }
    }
  }
}
